// !$*UTF8*$!
{
	archiveVersion = 1;
	classes = {
	};
	objectVersion = 50;
	objects = {

/* Begin PBXBuildFile section */
		072D1E9625C8811500E9FAEE /* Cyberway Riders.otf in Resources */ = {isa = PBXBuildFile; fileRef = 072D1E9525C8811500E9FAEE /* Cyberway Riders.otf */; };
		072D1E9825C8812F00E9FAEE /* Cyberpunk.ttf in Resources */ = {isa = PBXBuildFile; fileRef = 072D1E9725C8812F00E9FAEE /* Cyberpunk.ttf */; };
		072D1E9D25C89AB500E9FAEE /* AgendaController.swift in Sources */ = {isa = PBXBuildFile; fileRef = 072D1E9C25C89AB500E9FAEE /* AgendaController.swift */; };
		072D1E9F25C89B1A00E9FAEE /* SignUpController.swift in Sources */ = {isa = PBXBuildFile; fileRef = 072D1E9E25C89B1A00E9FAEE /* SignUpController.swift */; };
		072D1EA125C89C6400E9FAEE /* PasswordRecoveryController.swift in Sources */ = {isa = PBXBuildFile; fileRef = 072D1EA025C89C6300E9FAEE /* PasswordRecoveryController.swift */; };
		7F4D5AA825C2EF60006F6DF9 /* AppDelegate.swift in Sources */ = {isa = PBXBuildFile; fileRef = 7F4D5AA725C2EF60006F6DF9 /* AppDelegate.swift */; };
		7F4D5AAA25C2EF60006F6DF9 /* SceneDelegate.swift in Sources */ = {isa = PBXBuildFile; fileRef = 7F4D5AA925C2EF60006F6DF9 /* SceneDelegate.swift */; };
		7F4D5AAC25C2EF60006F6DF9 /* LogInController.swift in Sources */ = {isa = PBXBuildFile; fileRef = 7F4D5AAB25C2EF60006F6DF9 /* LogInController.swift */; };
		7F4D5AAF25C2EF60006F6DF9 /* Main.storyboard in Resources */ = {isa = PBXBuildFile; fileRef = 7F4D5AAD25C2EF60006F6DF9 /* Main.storyboard */; };
		7F4D5AB125C2EF63006F6DF9 /* Assets.xcassets in Resources */ = {isa = PBXBuildFile; fileRef = 7F4D5AB025C2EF63006F6DF9 /* Assets.xcassets */; };
		7F4D5AB425C2EF63006F6DF9 /* LaunchScreen.storyboard in Resources */ = {isa = PBXBuildFile; fileRef = 7F4D5AB225C2EF63006F6DF9 /* LaunchScreen.storyboard */; };
		7F4D5ABF25C2EF63006F6DF9 /* Agenda2077Tests.swift in Sources */ = {isa = PBXBuildFile; fileRef = 7F4D5ABE25C2EF63006F6DF9 /* Agenda2077Tests.swift */; };
		7F4D5ACA25C2EF63006F6DF9 /* Agenda2077UITests.swift in Sources */ = {isa = PBXBuildFile; fileRef = 7F4D5AC925C2EF63006F6DF9 /* Agenda2077UITests.swift */; };
		7F73015C25C98467009DC57B /* User.swift in Sources */ = {isa = PBXBuildFile; fileRef = 7F73015B25C98467009DC57B /* User.swift */; };
/* End PBXBuildFile section */

/* Begin PBXContainerItemProxy section */
		7F4D5ABB25C2EF63006F6DF9 /* PBXContainerItemProxy */ = {
			isa = PBXContainerItemProxy;
			containerPortal = 7F4D5A9C25C2EF60006F6DF9 /* Project object */;
			proxyType = 1;
			remoteGlobalIDString = 7F4D5AA325C2EF60006F6DF9;
			remoteInfo = Agenda2077;
		};
		7F4D5AC625C2EF63006F6DF9 /* PBXContainerItemProxy */ = {
			isa = PBXContainerItemProxy;
			containerPortal = 7F4D5A9C25C2EF60006F6DF9 /* Project object */;
			proxyType = 1;
			remoteGlobalIDString = 7F4D5AA325C2EF60006F6DF9;
			remoteInfo = Agenda2077;
		};
/* End PBXContainerItemProxy section */

/* Begin PBXFileReference section */
		072D1E9525C8811500E9FAEE /* Cyberway Riders.otf */ = {isa = PBXFileReference; lastKnownFileType = file; path = "Cyberway Riders.otf"; sourceTree = "<group>"; };
		072D1E9725C8812F00E9FAEE /* Cyberpunk.ttf */ = {isa = PBXFileReference; lastKnownFileType = file; path = Cyberpunk.ttf; sourceTree = "<group>"; };
		072D1E9C25C89AB500E9FAEE /* AgendaController.swift */ = {isa = PBXFileReference; lastKnownFileType = sourcecode.swift; path = AgendaController.swift; sourceTree = "<group>"; };
		072D1E9E25C89B1A00E9FAEE /* SignUpController.swift */ = {isa = PBXFileReference; lastKnownFileType = sourcecode.swift; path = SignUpController.swift; sourceTree = "<group>"; };
		072D1EA025C89C6300E9FAEE /* PasswordRecoveryController.swift */ = {isa = PBXFileReference; lastKnownFileType = sourcecode.swift; path = PasswordRecoveryController.swift; sourceTree = "<group>"; };
		7F4D5AA425C2EF60006F6DF9 /* Agenda2077.app */ = {isa = PBXFileReference; explicitFileType = wrapper.application; includeInIndex = 0; path = Agenda2077.app; sourceTree = BUILT_PRODUCTS_DIR; };
		7F4D5AA725C2EF60006F6DF9 /* AppDelegate.swift */ = {isa = PBXFileReference; lastKnownFileType = sourcecode.swift; path = AppDelegate.swift; sourceTree = "<group>"; };
		7F4D5AA925C2EF60006F6DF9 /* SceneDelegate.swift */ = {isa = PBXFileReference; lastKnownFileType = sourcecode.swift; path = SceneDelegate.swift; sourceTree = "<group>"; };
		7F4D5AAB25C2EF60006F6DF9 /* LogInController.swift */ = {isa = PBXFileReference; lastKnownFileType = sourcecode.swift; path = LogInController.swift; sourceTree = "<group>"; };
		7F4D5AAE25C2EF60006F6DF9 /* Base */ = {isa = PBXFileReference; lastKnownFileType = file.storyboard; name = Base; path = Base.lproj/Main.storyboard; sourceTree = "<group>"; };
		7F4D5AB025C2EF63006F6DF9 /* Assets.xcassets */ = {isa = PBXFileReference; lastKnownFileType = folder.assetcatalog; path = Assets.xcassets; sourceTree = "<group>"; };
		7F4D5AB325C2EF63006F6DF9 /* Base */ = {isa = PBXFileReference; lastKnownFileType = file.storyboard; name = Base; path = Base.lproj/LaunchScreen.storyboard; sourceTree = "<group>"; };
		7F4D5AB525C2EF63006F6DF9 /* Info.plist */ = {isa = PBXFileReference; lastKnownFileType = text.plist.xml; path = Info.plist; sourceTree = "<group>"; };
		7F4D5ABA25C2EF63006F6DF9 /* Agenda2077Tests.xctest */ = {isa = PBXFileReference; explicitFileType = wrapper.cfbundle; includeInIndex = 0; path = Agenda2077Tests.xctest; sourceTree = BUILT_PRODUCTS_DIR; };
		7F4D5ABE25C2EF63006F6DF9 /* Agenda2077Tests.swift */ = {isa = PBXFileReference; lastKnownFileType = sourcecode.swift; path = Agenda2077Tests.swift; sourceTree = "<group>"; };
		7F4D5AC025C2EF63006F6DF9 /* Info.plist */ = {isa = PBXFileReference; lastKnownFileType = text.plist.xml; path = Info.plist; sourceTree = "<group>"; };
		7F4D5AC525C2EF63006F6DF9 /* Agenda2077UITests.xctest */ = {isa = PBXFileReference; explicitFileType = wrapper.cfbundle; includeInIndex = 0; path = Agenda2077UITests.xctest; sourceTree = BUILT_PRODUCTS_DIR; };
		7F4D5AC925C2EF63006F6DF9 /* Agenda2077UITests.swift */ = {isa = PBXFileReference; lastKnownFileType = sourcecode.swift; path = Agenda2077UITests.swift; sourceTree = "<group>"; };
		7F4D5ACB25C2EF63006F6DF9 /* Info.plist */ = {isa = PBXFileReference; lastKnownFileType = text.plist.xml; path = Info.plist; sourceTree = "<group>"; };
		7F73015B25C98467009DC57B /* User.swift */ = {isa = PBXFileReference; lastKnownFileType = sourcecode.swift; path = User.swift; sourceTree = "<group>"; };
/* End PBXFileReference section */

/* Begin PBXFrameworksBuildPhase section */
		7F4D5AA125C2EF60006F6DF9 /* Frameworks */ = {
			isa = PBXFrameworksBuildPhase;
			buildActionMask = 2147483647;
			files = (
			);
			runOnlyForDeploymentPostprocessing = 0;
		};
		7F4D5AB725C2EF63006F6DF9 /* Frameworks */ = {
			isa = PBXFrameworksBuildPhase;
			buildActionMask = 2147483647;
			files = (
			);
			runOnlyForDeploymentPostprocessing = 0;
		};
		7F4D5AC225C2EF63006F6DF9 /* Frameworks */ = {
			isa = PBXFrameworksBuildPhase;
			buildActionMask = 2147483647;
			files = (
			);
			runOnlyForDeploymentPostprocessing = 0;
		};
/* End PBXFrameworksBuildPhase section */

/* Begin PBXGroup section */
		072D1E9925C8906800E9FAEE /* Views */ = {
			isa = PBXGroup;
			children = (
				7F4D5AAB25C2EF60006F6DF9 /* LogInController.swift */,
				072D1E9C25C89AB500E9FAEE /* AgendaController.swift */,
				072D1E9E25C89B1A00E9FAEE /* SignUpController.swift */,
				072D1EA025C89C6300E9FAEE /* PasswordRecoveryController.swift */,
			);
			path = Views;
			sourceTree = "<group>";
		};
		7F4D5A9B25C2EF60006F6DF9 = {
			isa = PBXGroup;
			children = (
				7F4D5AA625C2EF60006F6DF9 /* Agenda2077 */,
				7F4D5ABD25C2EF63006F6DF9 /* Agenda2077Tests */,
				7F4D5AC825C2EF63006F6DF9 /* Agenda2077UITests */,
				7F4D5AA525C2EF60006F6DF9 /* Products */,
				7F4D5AD825C2F2FA006F6DF9 /* Fonts */,
			);
			sourceTree = "<group>";
		};
		7F4D5AA525C2EF60006F6DF9 /* Products */ = {
			isa = PBXGroup;
			children = (
				7F4D5AA425C2EF60006F6DF9 /* Agenda2077.app */,
				7F4D5ABA25C2EF63006F6DF9 /* Agenda2077Tests.xctest */,
				7F4D5AC525C2EF63006F6DF9 /* Agenda2077UITests.xctest */,
			);
			name = Products;
			sourceTree = "<group>";
		};
		7F4D5AA625C2EF60006F6DF9 /* Agenda2077 */ = {
			isa = PBXGroup;
			children = (
				7F73015A25C98444009DC57B /* Request objects */,
				072D1E9925C8906800E9FAEE /* Views */,
				7F4D5AA725C2EF60006F6DF9 /* AppDelegate.swift */,
				7F4D5AA925C2EF60006F6DF9 /* SceneDelegate.swift */,
				7F4D5AAD25C2EF60006F6DF9 /* Main.storyboard */,
				7F4D5AB025C2EF63006F6DF9 /* Assets.xcassets */,
				7F4D5AB225C2EF63006F6DF9 /* LaunchScreen.storyboard */,
				7F4D5AB525C2EF63006F6DF9 /* Info.plist */,
			);
			path = Agenda2077;
			sourceTree = "<group>";
		};
		7F4D5ABD25C2EF63006F6DF9 /* Agenda2077Tests */ = {
			isa = PBXGroup;
			children = (
				7F4D5ABE25C2EF63006F6DF9 /* Agenda2077Tests.swift */,
				7F4D5AC025C2EF63006F6DF9 /* Info.plist */,
			);
			path = Agenda2077Tests;
			sourceTree = "<group>";
		};
		7F4D5AC825C2EF63006F6DF9 /* Agenda2077UITests */ = {
			isa = PBXGroup;
			children = (
				7F4D5AC925C2EF63006F6DF9 /* Agenda2077UITests.swift */,
				7F4D5ACB25C2EF63006F6DF9 /* Info.plist */,
			);
			path = Agenda2077UITests;
			sourceTree = "<group>";
		};
		7F4D5AD825C2F2FA006F6DF9 /* Fonts */ = {
			isa = PBXGroup;
			children = (
				072D1E9525C8811500E9FAEE /* Cyberway Riders.otf */,
				072D1E9725C8812F00E9FAEE /* Cyberpunk.ttf */,
			);
			path = Fonts;
			sourceTree = "<group>";
		};
		7F73015A25C98444009DC57B /* Request objects */ = {
			isa = PBXGroup;
			children = (
				7F73015B25C98467009DC57B /* User.swift */,
			);
			path = "Request objects";
			sourceTree = "<group>";
		};
/* End PBXGroup section */

/* Begin PBXNativeTarget section */
		7F4D5AA325C2EF60006F6DF9 /* Agenda2077 */ = {
			isa = PBXNativeTarget;
			buildConfigurationList = 7F4D5ACE25C2EF63006F6DF9 /* Build configuration list for PBXNativeTarget "Agenda2077" */;
			buildPhases = (
				7F4D5AA025C2EF60006F6DF9 /* Sources */,
				7F4D5AA125C2EF60006F6DF9 /* Frameworks */,
				7F4D5AA225C2EF60006F6DF9 /* Resources */,
			);
			buildRules = (
			);
			dependencies = (
			);
			name = Agenda2077;
			productName = Agenda2077;
			productReference = 7F4D5AA425C2EF60006F6DF9 /* Agenda2077.app */;
			productType = "com.apple.product-type.application";
		};
		7F4D5AB925C2EF63006F6DF9 /* Agenda2077Tests */ = {
			isa = PBXNativeTarget;
			buildConfigurationList = 7F4D5AD125C2EF63006F6DF9 /* Build configuration list for PBXNativeTarget "Agenda2077Tests" */;
			buildPhases = (
				7F4D5AB625C2EF63006F6DF9 /* Sources */,
				7F4D5AB725C2EF63006F6DF9 /* Frameworks */,
				7F4D5AB825C2EF63006F6DF9 /* Resources */,
			);
			buildRules = (
			);
			dependencies = (
				7F4D5ABC25C2EF63006F6DF9 /* PBXTargetDependency */,
			);
			name = Agenda2077Tests;
			productName = Agenda2077Tests;
			productReference = 7F4D5ABA25C2EF63006F6DF9 /* Agenda2077Tests.xctest */;
			productType = "com.apple.product-type.bundle.unit-test";
		};
		7F4D5AC425C2EF63006F6DF9 /* Agenda2077UITests */ = {
			isa = PBXNativeTarget;
			buildConfigurationList = 7F4D5AD425C2EF63006F6DF9 /* Build configuration list for PBXNativeTarget "Agenda2077UITests" */;
			buildPhases = (
				7F4D5AC125C2EF63006F6DF9 /* Sources */,
				7F4D5AC225C2EF63006F6DF9 /* Frameworks */,
				7F4D5AC325C2EF63006F6DF9 /* Resources */,
			);
			buildRules = (
			);
			dependencies = (
				7F4D5AC725C2EF63006F6DF9 /* PBXTargetDependency */,
			);
			name = Agenda2077UITests;
			productName = Agenda2077UITests;
			productReference = 7F4D5AC525C2EF63006F6DF9 /* Agenda2077UITests.xctest */;
			productType = "com.apple.product-type.bundle.ui-testing";
		};
/* End PBXNativeTarget section */

/* Begin PBXProject section */
		7F4D5A9C25C2EF60006F6DF9 /* Project object */ = {
			isa = PBXProject;
			attributes = {
				LastSwiftUpdateCheck = 1170;
				LastUpgradeCheck = 1170;
				ORGANIZATIONNAME = cev;
				TargetAttributes = {
					7F4D5AA325C2EF60006F6DF9 = {
						CreatedOnToolsVersion = 11.7;
					};
					7F4D5AB925C2EF63006F6DF9 = {
						CreatedOnToolsVersion = 11.7;
						TestTargetID = 7F4D5AA325C2EF60006F6DF9;
					};
					7F4D5AC425C2EF63006F6DF9 = {
						CreatedOnToolsVersion = 11.7;
						TestTargetID = 7F4D5AA325C2EF60006F6DF9;
					};
				};
			};
			buildConfigurationList = 7F4D5A9F25C2EF60006F6DF9 /* Build configuration list for PBXProject "Agenda2077" */;
			compatibilityVersion = "Xcode 9.3";
			developmentRegion = en;
			hasScannedForEncodings = 0;
			knownRegions = (
				en,
				Base,
			);
			mainGroup = 7F4D5A9B25C2EF60006F6DF9;
			productRefGroup = 7F4D5AA525C2EF60006F6DF9 /* Products */;
			projectDirPath = "";
			projectRoot = "";
			targets = (
				7F4D5AA325C2EF60006F6DF9 /* Agenda2077 */,
				7F4D5AB925C2EF63006F6DF9 /* Agenda2077Tests */,
				7F4D5AC425C2EF63006F6DF9 /* Agenda2077UITests */,
			);
		};
/* End PBXProject section */

/* Begin PBXResourcesBuildPhase section */
		7F4D5AA225C2EF60006F6DF9 /* Resources */ = {
			isa = PBXResourcesBuildPhase;
			buildActionMask = 2147483647;
			files = (
				072D1E9825C8812F00E9FAEE /* Cyberpunk.ttf in Resources */,
				7F4D5AB425C2EF63006F6DF9 /* LaunchScreen.storyboard in Resources */,
				072D1E9625C8811500E9FAEE /* Cyberway Riders.otf in Resources */,
				7F4D5AB125C2EF63006F6DF9 /* Assets.xcassets in Resources */,
				7F4D5AAF25C2EF60006F6DF9 /* Main.storyboard in Resources */,
			);
			runOnlyForDeploymentPostprocessing = 0;
		};
		7F4D5AB825C2EF63006F6DF9 /* Resources */ = {
			isa = PBXResourcesBuildPhase;
			buildActionMask = 2147483647;
			files = (
			);
			runOnlyForDeploymentPostprocessing = 0;
		};
		7F4D5AC325C2EF63006F6DF9 /* Resources */ = {
			isa = PBXResourcesBuildPhase;
			buildActionMask = 2147483647;
			files = (
			);
			runOnlyForDeploymentPostprocessing = 0;
		};
/* End PBXResourcesBuildPhase section */

/* Begin PBXSourcesBuildPhase section */
		7F4D5AA025C2EF60006F6DF9 /* Sources */ = {
			isa = PBXSourcesBuildPhase;
			buildActionMask = 2147483647;
			files = (
				072D1E9F25C89B1A00E9FAEE /* SignUpController.swift in Sources */,
				7F4D5AAC25C2EF60006F6DF9 /* LogInController.swift in Sources */,
				072D1EA125C89C6400E9FAEE /* PasswordRecoveryController.swift in Sources */,
				7F4D5AA825C2EF60006F6DF9 /* AppDelegate.swift in Sources */,
				7F4D5AAA25C2EF60006F6DF9 /* SceneDelegate.swift in Sources */,
				072D1E9D25C89AB500E9FAEE /* AgendaController.swift in Sources */,
				7F73015C25C98467009DC57B /* User.swift in Sources */,
			);
			runOnlyForDeploymentPostprocessing = 0;
		};
		7F4D5AB625C2EF63006F6DF9 /* Sources */ = {
			isa = PBXSourcesBuildPhase;
			buildActionMask = 2147483647;
			files = (
				7F4D5ABF25C2EF63006F6DF9 /* Agenda2077Tests.swift in Sources */,
			);
			runOnlyForDeploymentPostprocessing = 0;
		};
		7F4D5AC125C2EF63006F6DF9 /* Sources */ = {
			isa = PBXSourcesBuildPhase;
			buildActionMask = 2147483647;
			files = (
				7F4D5ACA25C2EF63006F6DF9 /* Agenda2077UITests.swift in Sources */,
			);
			runOnlyForDeploymentPostprocessing = 0;
		};
/* End PBXSourcesBuildPhase section */

/* Begin PBXTargetDependency section */
		7F4D5ABC25C2EF63006F6DF9 /* PBXTargetDependency */ = {
			isa = PBXTargetDependency;
			target = 7F4D5AA325C2EF60006F6DF9 /* Agenda2077 */;
			targetProxy = 7F4D5ABB25C2EF63006F6DF9 /* PBXContainerItemProxy */;
		};
		7F4D5AC725C2EF63006F6DF9 /* PBXTargetDependency */ = {
			isa = PBXTargetDependency;
			target = 7F4D5AA325C2EF60006F6DF9 /* Agenda2077 */;
			targetProxy = 7F4D5AC625C2EF63006F6DF9 /* PBXContainerItemProxy */;
		};
/* End PBXTargetDependency section */

/* Begin PBXVariantGroup section */
		7F4D5AAD25C2EF60006F6DF9 /* Main.storyboard */ = {
			isa = PBXVariantGroup;
			children = (
				7F4D5AAE25C2EF60006F6DF9 /* Base */,
			);
			name = Main.storyboard;
			sourceTree = "<group>";
		};
		7F4D5AB225C2EF63006F6DF9 /* LaunchScreen.storyboard */ = {
			isa = PBXVariantGroup;
			children = (
				7F4D5AB325C2EF63006F6DF9 /* Base */,
			);
			name = LaunchScreen.storyboard;
			sourceTree = "<group>";
		};
/* End PBXVariantGroup section */

/* Begin XCBuildConfiguration section */
		7F4D5ACC25C2EF63006F6DF9 /* Debug */ = {
			isa = XCBuildConfiguration;
			buildSettings = {
				ALWAYS_SEARCH_USER_PATHS = NO;
				CLANG_ANALYZER_NONNULL = YES;
				CLANG_ANALYZER_NUMBER_OBJECT_CONVERSION = YES_AGGRESSIVE;
				CLANG_CXX_LANGUAGE_STANDARD = "gnu++14";
				CLANG_CXX_LIBRARY = "libc++";
				CLANG_ENABLE_MODULES = YES;
				CLANG_ENABLE_OBJC_ARC = YES;
				CLANG_ENABLE_OBJC_WEAK = YES;
				CLANG_WARN_BLOCK_CAPTURE_AUTORELEASING = YES;
				CLANG_WARN_BOOL_CONVERSION = YES;
				CLANG_WARN_COMMA = YES;
				CLANG_WARN_CONSTANT_CONVERSION = YES;
				CLANG_WARN_DEPRECATED_OBJC_IMPLEMENTATIONS = YES;
				CLANG_WARN_DIRECT_OBJC_ISA_USAGE = YES_ERROR;
				CLANG_WARN_DOCUMENTATION_COMMENTS = YES;
				CLANG_WARN_EMPTY_BODY = YES;
				CLANG_WARN_ENUM_CONVERSION = YES;
				CLANG_WARN_INFINITE_RECURSION = YES;
				CLANG_WARN_INT_CONVERSION = YES;
				CLANG_WARN_NON_LITERAL_NULL_CONVERSION = YES;
				CLANG_WARN_OBJC_IMPLICIT_RETAIN_SELF = YES;
				CLANG_WARN_OBJC_LITERAL_CONVERSION = YES;
				CLANG_WARN_OBJC_ROOT_CLASS = YES_ERROR;
				CLANG_WARN_RANGE_LOOP_ANALYSIS = YES;
				CLANG_WARN_STRICT_PROTOTYPES = YES;
				CLANG_WARN_SUSPICIOUS_MOVE = YES;
				CLANG_WARN_UNGUARDED_AVAILABILITY = YES_AGGRESSIVE;
				CLANG_WARN_UNREACHABLE_CODE = YES;
				CLANG_WARN__DUPLICATE_METHOD_MATCH = YES;
				COPY_PHASE_STRIP = NO;
				DEBUG_INFORMATION_FORMAT = dwarf;
				ENABLE_STRICT_OBJC_MSGSEND = YES;
				ENABLE_TESTABILITY = YES;
				GCC_C_LANGUAGE_STANDARD = gnu11;
				GCC_DYNAMIC_NO_PIC = NO;
				GCC_NO_COMMON_BLOCKS = YES;
				GCC_OPTIMIZATION_LEVEL = 0;
				GCC_PREPROCESSOR_DEFINITIONS = (
					"DEBUG=1",
					"$(inherited)",
				);
				GCC_WARN_64_TO_32_BIT_CONVERSION = YES;
				GCC_WARN_ABOUT_RETURN_TYPE = YES_ERROR;
				GCC_WARN_UNDECLARED_SELECTOR = YES;
				GCC_WARN_UNINITIALIZED_AUTOS = YES_AGGRESSIVE;
				GCC_WARN_UNUSED_FUNCTION = YES;
				GCC_WARN_UNUSED_VARIABLE = YES;
				IPHONEOS_DEPLOYMENT_TARGET = 13.7;
				MTL_ENABLE_DEBUG_INFO = INCLUDE_SOURCE;
				MTL_FAST_MATH = YES;
				ONLY_ACTIVE_ARCH = YES;
				SDKROOT = iphoneos;
				SWIFT_ACTIVE_COMPILATION_CONDITIONS = DEBUG;
				SWIFT_OPTIMIZATION_LEVEL = "-Onone";
			};
			name = Debug;
		};
		7F4D5ACD25C2EF63006F6DF9 /* Release */ = {
			isa = XCBuildConfiguration;
			buildSettings = {
				ALWAYS_SEARCH_USER_PATHS = NO;
				CLANG_ANALYZER_NONNULL = YES;
				CLANG_ANALYZER_NUMBER_OBJECT_CONVERSION = YES_AGGRESSIVE;
				CLANG_CXX_LANGUAGE_STANDARD = "gnu++14";
				CLANG_CXX_LIBRARY = "libc++";
				CLANG_ENABLE_MODULES = YES;
				CLANG_ENABLE_OBJC_ARC = YES;
				CLANG_ENABLE_OBJC_WEAK = YES;
				CLANG_WARN_BLOCK_CAPTURE_AUTORELEASING = YES;
				CLANG_WARN_BOOL_CONVERSION = YES;
				CLANG_WARN_COMMA = YES;
				CLANG_WARN_CONSTANT_CONVERSION = YES;
				CLANG_WARN_DEPRECATED_OBJC_IMPLEMENTATIONS = YES;
				CLANG_WARN_DIRECT_OBJC_ISA_USAGE = YES_ERROR;
				CLANG_WARN_DOCUMENTATION_COMMENTS = YES;
				CLANG_WARN_EMPTY_BODY = YES;
				CLANG_WARN_ENUM_CONVERSION = YES;
				CLANG_WARN_INFINITE_RECURSION = YES;
				CLANG_WARN_INT_CONVERSION = YES;
				CLANG_WARN_NON_LITERAL_NULL_CONVERSION = YES;
				CLANG_WARN_OBJC_IMPLICIT_RETAIN_SELF = YES;
				CLANG_WARN_OBJC_LITERAL_CONVERSION = YES;
				CLANG_WARN_OBJC_ROOT_CLASS = YES_ERROR;
				CLANG_WARN_RANGE_LOOP_ANALYSIS = YES;
				CLANG_WARN_STRICT_PROTOTYPES = YES;
				CLANG_WARN_SUSPICIOUS_MOVE = YES;
				CLANG_WARN_UNGUARDED_AVAILABILITY = YES_AGGRESSIVE;
				CLANG_WARN_UNREACHABLE_CODE = YES;
				CLANG_WARN__DUPLICATE_METHOD_MATCH = YES;
				COPY_PHASE_STRIP = NO;
				DEBUG_INFORMATION_FORMAT = "dwarf-with-dsym";
				ENABLE_NS_ASSERTIONS = NO;
				ENABLE_STRICT_OBJC_MSGSEND = YES;
				GCC_C_LANGUAGE_STANDARD = gnu11;
				GCC_NO_COMMON_BLOCKS = YES;
				GCC_WARN_64_TO_32_BIT_CONVERSION = YES;
				GCC_WARN_ABOUT_RETURN_TYPE = YES_ERROR;
				GCC_WARN_UNDECLARED_SELECTOR = YES;
				GCC_WARN_UNINITIALIZED_AUTOS = YES_AGGRESSIVE;
				GCC_WARN_UNUSED_FUNCTION = YES;
				GCC_WARN_UNUSED_VARIABLE = YES;
				IPHONEOS_DEPLOYMENT_TARGET = 13.7;
				MTL_ENABLE_DEBUG_INFO = NO;
				MTL_FAST_MATH = YES;
				SDKROOT = iphoneos;
				SWIFT_COMPILATION_MODE = wholemodule;
				SWIFT_OPTIMIZATION_LEVEL = "-O";
				VALIDATE_PRODUCT = YES;
			};
			name = Release;
		};
		7F4D5ACF25C2EF63006F6DF9 /* Debug */ = {
			isa = XCBuildConfiguration;
			buildSettings = {
				ASSETCATALOG_COMPILER_APPICON_NAME = AppIcon;
				CODE_SIGN_STYLE = Automatic;
				INFOPLIST_FILE = Agenda2077/Info.plist;
				LD_RUNPATH_SEARCH_PATHS = (
					"$(inherited)",
					"@executable_path/Frameworks",
				);
				PRODUCT_BUNDLE_IDENTIFIER = yerus.com.Agenda2077;
				PRODUCT_NAME = "$(TARGET_NAME)";
				SWIFT_VERSION = 5.0;
				TARGETED_DEVICE_FAMILY = "1,2";
			};
			name = Debug;
		};
		7F4D5AD025C2EF63006F6DF9 /* Release */ = {
			isa = XCBuildConfiguration;
			buildSettings = {
				ASSETCATALOG_COMPILER_APPICON_NAME = AppIcon;
				CODE_SIGN_STYLE = Automatic;
				INFOPLIST_FILE = Agenda2077/Info.plist;
				LD_RUNPATH_SEARCH_PATHS = (
					"$(inherited)",
					"@executable_path/Frameworks",
				);
				PRODUCT_BUNDLE_IDENTIFIER = yerus.com.Agenda2077;
				PRODUCT_NAME = "$(TARGET_NAME)";
				SWIFT_VERSION = 5.0;
				TARGETED_DEVICE_FAMILY = "1,2";
			};
			name = Release;
		};
		7F4D5AD225C2EF63006F6DF9 /* Debug */ = {
			isa = XCBuildConfiguration;
			buildSettings = {
				ALWAYS_EMBED_SWIFT_STANDARD_LIBRARIES = YES;
				BUNDLE_LOADER = "$(TEST_HOST)";
				CODE_SIGN_STYLE = Automatic;
				INFOPLIST_FILE = Agenda2077Tests/Info.plist;
				IPHONEOS_DEPLOYMENT_TARGET = 13.7;
				LD_RUNPATH_SEARCH_PATHS = (
					"$(inherited)",
					"@executable_path/Frameworks",
					"@loader_path/Frameworks",
				);
				PRODUCT_BUNDLE_IDENTIFIER = yerus.com.Agenda2077Tests;
				PRODUCT_NAME = "$(TARGET_NAME)";
				SWIFT_VERSION = 5.0;
				TARGETED_DEVICE_FAMILY = "1,2";
				TEST_HOST = "$(BUILT_PRODUCTS_DIR)/Agenda2077.app/Agenda2077";
			};
			name = Debug;
		};
		7F4D5AD325C2EF63006F6DF9 /* Release */ = {
			isa = XCBuildConfiguration;
			buildSettings = {
				ALWAYS_EMBED_SWIFT_STANDARD_LIBRARIES = YES;
				BUNDLE_LOADER = "$(TEST_HOST)";
				CODE_SIGN_STYLE = Automatic;
				INFOPLIST_FILE = Agenda2077Tests/Info.plist;
				IPHONEOS_DEPLOYMENT_TARGET = 13.7;
				LD_RUNPATH_SEARCH_PATHS = (
					"$(inherited)",
					"@executable_path/Frameworks",
					"@loader_path/Frameworks",
				);
				PRODUCT_BUNDLE_IDENTIFIER = yerus.com.Agenda2077Tests;
				PRODUCT_NAME = "$(TARGET_NAME)";
				SWIFT_VERSION = 5.0;
				TARGETED_DEVICE_FAMILY = "1,2";
				TEST_HOST = "$(BUILT_PRODUCTS_DIR)/Agenda2077.app/Agenda2077";
			};
			name = Release;
		};
		7F4D5AD525C2EF63006F6DF9 /* Debug */ = {
			isa = XCBuildConfiguration;
			buildSettings = {
				ALWAYS_EMBED_SWIFT_STANDARD_LIBRARIES = YES;
				CODE_SIGN_STYLE = Automatic;
				INFOPLIST_FILE = Agenda2077UITests/Info.plist;
				LD_RUNPATH_SEARCH_PATHS = (
					"$(inherited)",
					"@executable_path/Frameworks",
					"@loader_path/Frameworks",
				);
				PRODUCT_BUNDLE_IDENTIFIER = yerus.com.Agenda2077UITests;
				PRODUCT_NAME = "$(TARGET_NAME)";
				SWIFT_VERSION = 5.0;
				TARGETED_DEVICE_FAMILY = "1,2";
				TEST_TARGET_NAME = Agenda2077;
			};
			name = Debug;
		};
		7F4D5AD625C2EF63006F6DF9 /* Release */ = {
			isa = XCBuildConfiguration;
			buildSettings = {
				ALWAYS_EMBED_SWIFT_STANDARD_LIBRARIES = YES;
				CODE_SIGN_STYLE = Automatic;
				INFOPLIST_FILE = Agenda2077UITests/Info.plist;
				LD_RUNPATH_SEARCH_PATHS = (
					"$(inherited)",
					"@executable_path/Frameworks",
					"@loader_path/Frameworks",
				);
				PRODUCT_BUNDLE_IDENTIFIER = yerus.com.Agenda2077UITests;
				PRODUCT_NAME = "$(TARGET_NAME)";
				SWIFT_VERSION = 5.0;
				TARGETED_DEVICE_FAMILY = "1,2";
				TEST_TARGET_NAME = Agenda2077;
			};
			name = Release;
		};
/* End XCBuildConfiguration section */

/* Begin XCConfigurationList section */
		7F4D5A9F25C2EF60006F6DF9 /* Build configuration list for PBXProject "Agenda2077" */ = {
			isa = XCConfigurationList;
			buildConfigurations = (
				7F4D5ACC25C2EF63006F6DF9 /* Debug */,
				7F4D5ACD25C2EF63006F6DF9 /* Release */,
			);
			defaultConfigurationIsVisible = 0;
			defaultConfigurationName = Release;
		};
		7F4D5ACE25C2EF63006F6DF9 /* Build configuration list for PBXNativeTarget "Agenda2077" */ = {
			isa = XCConfigurationList;
			buildConfigurations = (
				7F4D5ACF25C2EF63006F6DF9 /* Debug */,
				7F4D5AD025C2EF63006F6DF9 /* Release */,
			);
			defaultConfigurationIsVisible = 0;
			defaultConfigurationName = Release;
		};
		7F4D5AD125C2EF63006F6DF9 /* Build configuration list for PBXNativeTarget "Agenda2077Tests" */ = {
			isa = XCConfigurationList;
			buildConfigurations = (
				7F4D5AD225C2EF63006F6DF9 /* Debug */,
				7F4D5AD325C2EF63006F6DF9 /* Release */,
			);
			defaultConfigurationIsVisible = 0;
			defaultConfigurationName = Release;
		};
		7F4D5AD425C2EF63006F6DF9 /* Build configuration list for PBXNativeTarget "Agenda2077UITests" */ = {
			isa = XCConfigurationList;
			buildConfigurations = (
				7F4D5AD525C2EF63006F6DF9 /* Debug */,
				7F4D5AD625C2EF63006F6DF9 /* Release */,
			);
			defaultConfigurationIsVisible = 0;
			defaultConfigurationName = Release;
		};
/* End XCConfigurationList section */
	};
	rootObject = 7F4D5A9C25C2EF60006F6DF9 /* Project object */;
}
